version = 1
revision = 3
requires-python = ">=3.11"

[[package]]
name = "ai-career-intelligence-platform"
version = "0.1.0"
source = { virtual = "." }
dependencies = [
    { name = "bcrypt" },
    { name = "email-validator" },
    { name = "passlib" },
    { name = "psycopg", extra = ["binary"] },
    { name = "pyjwt" },
    { name = "pypdf" },
    { name = "python-multipart" },
]

[package.metadata]
requires-dist = [
    { name = "bcrypt", specifier = "==4.3.0" },
    { name = "email-validator", specifier = ">=2.3.0" },
    { name = "passlib", specifier = "==1.7.4" },
    { name = "psycopg", extras = ["binary"], specifier = ">=3.3.5" },
    { name = "pyjwt", specifier = ">=2.13.0" },
    { name = "pypdf", specifier = ">=6.17.0" },
    { name = "python-multipart", specifier = ">=0.0.32" },
]

[[package]]
name = "bcrypt"
version = "4.3.0"
source = { registry = "https://pypi.org/simple" }
sdist = { url = "https://files.pythonhosted.org/packages/bb/5d/6d7433e0f3cd46ce0b43cd65e1db465ea024dbb8216fb2404e919c2ad77b/bcrypt-4.3.0.tar.gz", hash = "sha256:3a3fd2204178b6d2adcf09cb4f6426ffef54762577a7c9b54c159008cb288c18", size = 25697, upload-time = "2025-02-28T01:24:09.174Z" }
wheels = [
    { url = "https://files.pythonhosted.org/packages/bf/2c/3d44e853d1fe969d229bd58d39ae6902b3d924af0e2b5a60d17d4b809ded/bcrypt-4.3.0-cp313-cp313t-macosx_10_12_universal2.whl", hash = "sha256:f01e060f14b6b57bbb72fc5b4a83ac21c443c9a2ee708e04a10e9192f90a6281", size = 483719, upload-time = "2025-02-28T01:22:34.539Z" },
    { url = "https://files.pythonhosted.org/packages/a1/e2/58ff6e2a22eca2e2cff5370ae56dba29d70b1ea6fc08ee9115c3ae367795/bcrypt-4.3.0-cp313-cp313t-manylinux_2_17_aarch64.manylinux2014_aarch64.whl", hash = "sha256:c5eeac541cefd0bb887a371ef73c62c3cd78535e4887b310626036a7c0a817bb", size = 272001, upload-time = "2025-02-28T01:22:38.078Z" },
    { url = "https://files.pythonhosted.org/packages/37/1f/c55ed8dbe994b1d088309e366749633c9eb90d139af3c0a50c102ba68a1a/bcrypt-4.3.0-cp313-cp313t-manylinux_2_17_x86_64.manylinux2014_x86_64.whl", hash = "sha256:59e1aa0e2cd871b08ca146ed08445038f42ff75968c7ae50d2fdd7860ade2180", size = 277451, upload-time = "2025-02-28T01:22:40.787Z" },
    { url = "https://files.pythonhosted.org/packages/d7/1c/794feb2ecf22fe73dcfb697ea7057f632061faceb7dcf0f155f3443b4d79/bcrypt-4.3.0-cp313-cp313t-manylinux_2_28_aarch64.whl", hash = "sha256:0042b2e342e9ae3d2ed22727c1262f76cc4f345683b5c1715f0250cf4277294f", size = 272792, upload-time = "2025-02-28T01:22:43.144Z" },
    { url = "https://files.pythonhosted.org/packages/13/b7/0b289506a3f3598c2ae2bdfa0ea66969812ed200264e3f61df77753eee6d/bcrypt-4.3.0-cp313-cp313t-manylinux_2_28_armv7l.manylinux_2_31_armv7l.whl", hash = "sha256:74a8d21a09f5e025a9a23e7c0fd2c7fe8e7503e4d356c0a2c1486ba010619f09", size = 289752, upload-time = "2025-02-28T01:22:45.56Z" },
    { url = "https://files.pythonhosted.org/packages/dc/24/d0fb023788afe9e83cc118895a9f6c57e1044e7e1672f045e46733421fe6/bcrypt-4.3.0-cp313-cp313t-manylinux_2_28_x86_64.whl", hash = "sha256:0142b2cb84a009f8452c8c5a33ace5e3dfec4159e7735f5afe9a4d50a8ea722d", size = 277762, upload-time = "2025-02-28T01:22:47.023Z" },
    { url = "https://files.pythonhosted.org/packages/e4/38/cde58089492e55ac4ef6c49fea7027600c84fd23f7520c62118c03b4625e/bcrypt-4.3.0-cp313-cp313t-manylinux_2_34_aarch64.whl", hash = "sha256:12fa6ce40cde3f0b899729dbd7d5e8811cb892d31b6f7d0334a1f37748b789fd", size = 272384, upload-time = "2025-02-28T01:22:49.221Z" },
    { url = "https://files.pythonhosted.org/packages/de/6a/d5026520843490cfc8135d03012a413e4532a400e471e6188b01b2de853f/bcrypt-4.3.0-cp313-cp313t-manylinux_2_34_x86_64.whl", hash = "sha256:5bd3cca1f2aa5dbcf39e2aa13dd094ea181f48959e1071265de49cc2b82525af", size = 277329, upload-time = "2025-02-28T01:22:51.603Z" },
    { url = "https://files.pythonhosted.org/packages/b3/a3/4fc5255e60486466c389e28c12579d2829b28a527360e9430b4041df4cf9/bcrypt-4.3.0-cp313-cp313t-musllinux_1_1_aarch64.whl", hash = "sha256:335a420cfd63fc5bc27308e929bee231c15c85cc4c496610ffb17923abf7f231", size = 305241, upload-time = "2025-02-28T01:22:53.283Z" },
    { url = "https://files.pythonhosted.org/packages/c7/15/2b37bc07d6ce27cc94e5b10fd5058900eb8fb11642300e932c8c82e25c4a/bcrypt-4.3.0-cp313-cp313t-musllinux_1_1_x86_64.whl", hash = "sha256:0e30e5e67aed0187a1764911af023043b4542e70a7461ad20e837e94d23e1d6c", size = 309617, upload-time = "2025-02-28T01:22:55.461Z" },
    { url = "https://files.pythonhosted.org/packages/5f/1f/99f65edb09e6c935232ba0430c8c13bb98cb3194b6d636e61d93fe60ac59/bcrypt-4.3.0-cp313-cp313t-musllinux_1_2_aarch64.whl", hash = "sha256:3b8d62290ebefd49ee0b3ce7500f5dbdcf13b81402c05f6dafab9a1e1b27212f", size = 335751, upload-time = "2025-02-28T01:22:57.81Z" },
    { url = "https://files.pythonhosted.org/packages/00/1b/b324030c706711c99769988fcb694b3cb23f247ad39a7823a78e361bdbb8/bcrypt-4.3.0-cp313-cp313t-musllinux_1_2_x86_64.whl", hash = "sha256:2ef6630e0ec01376f59a006dc72918b1bf436c3b571b80fa1968d775fa02fe7d", size = 355965, upload-time = "2025-02-28T01:22:59.181Z" },
    { url = "https://files.pythonhosted.org/packages/aa/dd/20372a0579dd915dfc3b1cd4943b3bca431866fcb1dfdfd7518c3caddea6/bcrypt-4.3.0-cp313-cp313t-win32.whl", hash = "sha256:7a4be4cbf241afee43f1c3969b9103a41b40bcb3a3f467ab19f891d9bc4642e4", size = 155316, upload-time = "2025-02-28T01:23:00.763Z" },
    { url = "https://files.pythonhosted.org/packages/6d/52/45d969fcff6b5577c2bf17098dc36269b4c02197d551371c023130c0f890/bcrypt-4.3.0-cp313-cp313t-win_amd64.whl", hash = "sha256:5c1949bf259a388863ced887c7861da1df681cb2388645766c89fdfd9004c669", size = 147752, upload-time = "2025-02-28T01:23:02.908Z" },
    { url = "https://files.pythonhosted.org/packages/11/22/5ada0b9af72b60cbc4c9a399fdde4af0feaa609d27eb0adc61607997a3fa/bcrypt-4.3.0-cp38-abi3-macosx_10_12_universal2.whl", hash = "sha256:f81b0ed2639568bf14749112298f9e4e2b28853dab50a8b357e31798686a036d", size = 498019, upload-time = "2025-02-28T01:23:05.838Z" },
    { url = "https://files.pythonhosted.org/packages/b8/8c/252a1edc598dc1ce57905be173328eda073083826955ee3c97c7ff5ba584/bcrypt-4.3.0-cp38-abi3-manylinux_2_17_aarch64.manylinux2014_aarch64.whl", hash = "sha256:864f8f19adbe13b7de11ba15d85d4a428c7e2f344bac110f667676a0ff84924b", size = 279174, upload-time = "2025-02-28T01:23:07.274Z" },
    { url = "https://files.pythonhosted.org/packages/29/5b/4547d5c49b85f0337c13929f2ccbe08b7283069eea3550a457914fc078aa/bcrypt-4.3.0-cp38-abi3-manylinux_2_17_x86_64.manylinux2014_x86_64.whl", hash = "sha256:3e36506d001e93bffe59754397572f21bb5dc7c83f54454c990c74a468cd589e", size = 283870, upload-time = "2025-02-28T01:23:09.151Z" },
    { url = "https://files.pythonhosted.org/packages/be/21/7dbaf3fa1745cb63f776bb046e481fbababd7d344c5324eab47f5ca92dd2/bcrypt-4.3.0-cp38-abi3-manylinux_2_28_aarch64.whl", hash = "sha256:842d08d75d9fe9fb94b18b071090220697f9f184d4547179b60734846461ed59", size = 279601, upload-time = "2025-02-28T01:23:11.461Z" },
    { url = "https://files.pythonhosted.org/packages/6d/64/e042fc8262e971347d9230d9abbe70d68b0a549acd8611c83cebd3eaec67/bcrypt-4.3.0-cp38-abi3-manylinux_2_28_armv7l.manylinux_2_31_armv7l.whl", hash = "sha256:7c03296b85cb87db865d91da79bf63d5609284fc0cab9472fdd8367bbd830753", size = 297660, upload-time = "2025-02-28T01:23:12.989Z" },
    { url = "https://files.pythonhosted.org/packages/50/b8/6294eb84a3fef3b67c69b4470fcdd5326676806bf2519cda79331ab3c3a9/bcrypt-4.3.0-cp38-abi3-manylinux_2_28_x86_64.whl", hash = "sha256:62f26585e8b219cdc909b6a0069efc5e4267e25d4a3770a364ac58024f62a761", size = 284083, upload-time = "2025-02-28T01:23:14.5Z" },
    { url = "https://files.pythonhosted.org/packages/62/e6/baff635a4f2c42e8788fe1b1633911c38551ecca9a749d1052d296329da6/bcrypt-4.3.0-cp38-abi3-manylinux_2_34_aarch64.whl", hash = "sha256:beeefe437218a65322fbd0069eb437e7c98137e08f22c4660ac2dc795c31f8bb", size = 279237, upload-time = "2025-02-28T01:23:16.686Z" },
    { url = "https://files.pythonhosted.org/packages/39/48/46f623f1b0c7dc2e5de0b8af5e6f5ac4cc26408ac33f3d424e5ad8da4a90/bcrypt-4.3.0-cp38-abi3-manylinux_2_34_x86_64.whl", hash = "sha256:97eea7408db3a5bcce4a55d13245ab3fa566e23b4c67cd227062bb49e26c585d", size = 283737, upload-time = "2025-02-28T01:23:18.897Z" },
    { url = "https://files.pythonhosted.org/packages/49/8b/70671c3ce9c0fca4a6cc3cc6ccbaa7e948875a2e62cbd146e04a4011899c/bcrypt-4.3.0-cp38-abi3-musllinux_1_1_aarch64.whl", hash = "sha256:191354ebfe305e84f344c5964c7cd5f924a3bfc5d405c75ad07f232b6dffb49f", size = 312741, upload-time = "2025-02-28T01:23:21.041Z" },
    { url = "https://files.pythonhosted.org/packages/27/fb/910d3a1caa2d249b6040a5caf9f9866c52114d51523ac2fb47578a27faee/bcrypt-4.3.0-cp38-abi3-musllinux_1_1_x86_64.whl", hash = "sha256:41261d64150858eeb5ff43c753c4b216991e0ae16614a308a15d909503617732", size = 316472, upload-time = "2025-02-28T01:23:23.183Z" },
    { url = "https://files.pythonhosted.org/packages/dc/cf/7cf3a05b66ce466cfb575dbbda39718d45a609daa78500f57fa9f36fa3c0/bcrypt-4.3.0-cp38-abi3-musllinux_1_2_aarch64.whl", hash = "sha256:33752b1ba962ee793fa2b6321404bf20011fe45b9afd2a842139de3011898fef", size = 343606, upload-time = "2025-02-28T01:23:25.361Z" },
    { url = "https://files.pythonhosted.org/packages/e3/b8/e970ecc6d7e355c0d892b7f733480f4aa8509f99b33e71550242cf0b7e63/bcrypt-4.3.0-cp38-abi3-musllinux_1_2_x86_64.whl", hash = "sha256:50e6e80a4bfd23a25f5c05b90167c19030cf9f87930f7cb2eacb99f45d1c3304", size = 362867, upload-time = "2025-02-28T01:23:26.875Z" },
    { url = "https://files.pythonhosted.org/packages/a9/97/8d3118efd8354c555a3422d544163f40d9f236be5b96c714086463f11699/bcrypt-4.3.0-cp38-abi3-win32.whl", hash = "sha256:67a561c4d9fb9465ec866177e7aebcad08fe23aaf6fbd692a6fab69088abfc51", size = 160589, upload-time = "2025-02-28T01:23:28.381Z" },
    { url = "https://files.pythonhosted.org/packages/29/07/416f0b99f7f3997c69815365babbc2e8754181a4b1899d921b3c7d5b6f12/bcrypt-4.3.0-cp38-abi3-win_amd64.whl", hash = "sha256:584027857bc2843772114717a7490a37f68da563b3620f78a849bcb54dc11e62", size = 152794, upload-time = "2025-02-28T01:23:30.187Z" },
    { url = "https://files.pythonhosted.org/packages/6e/c1/3fa0e9e4e0bfd3fd77eb8b52ec198fd6e1fd7e9402052e43f23483f956dd/bcrypt-4.3.0-cp39-abi3-macosx_10_12_universal2.whl", hash = "sha256:0d3efb1157edebfd9128e4e46e2ac1a64e0c1fe46fb023158a407c7892b0f8c3", size = 498969, upload-time = "2025-02-28T01:23:31.945Z" },
    { url = "https://files.pythonhosted.org/packages/ce/d4/755ce19b6743394787fbd7dff6bf271b27ee9b5912a97242e3caf125885b/bcrypt-4.3.0-cp39-abi3-manylinux_2_17_aarch64.manylinux2014_aarch64.whl", hash = "sha256:08bacc884fd302b611226c01014eca277d48f0a05187666bca23aac0dad6fe24", size = 279158, upload-time = "2025-02-28T01:23:34.161Z" },
    { url = "https://files.pythonhosted.org/packages/9b/5d/805ef1a749c965c46b28285dfb5cd272a7ed9fa971f970435a5133250182/bcrypt-4.3.0-cp39-abi3-manylinux_2_17_x86_64.manylinux2014_x86_64.whl", hash = "sha256:f6746e6fec103fcd509b96bacdfdaa2fbde9a553245dbada284435173a6f1aef", size = 284285, upload-time = "2025-02-28T01:23:35.765Z" },
    { url = "https://files.pythonhosted.org/packages/ab/2b/698580547a4a4988e415721b71eb45e80c879f0fb04a62da131f45987b96/bcrypt-4.3.0-cp39-abi3-manylinux_2_28_aarch64.whl", hash = "sha256:afe327968aaf13fc143a56a3360cb27d4ad0345e34da12c7290f1b00b8fe9a8b", size = 279583, upload-time = "2025-02-28T01:23:38.021Z" },
    { url = "https://files.pythonhosted.org/packages/f2/87/62e1e426418204db520f955ffd06f1efd389feca893dad7095bf35612eec/bcrypt-4.3.0-cp39-abi3-manylinux_2_28_armv7l.manylinux_2_31_armv7l.whl", hash = "sha256:d9af79d322e735b1fc33404b5765108ae0ff232d4b54666d46730f8ac1a43676", size = 297896, upload-time = "2025-02-28T01:23:39.575Z" },
    { url = "https://files.pythonhosted.org/packages/cb/c6/8fedca4c2ada1b6e889c52d2943b2f968d3427e5d65f595620ec4c06fa2f/bcrypt-4.3.0-cp39-abi3-manylinux_2_28_x86_64.whl", hash = "sha256:f1e3ffa1365e8702dc48c8b360fef8d7afeca482809c5e45e653af82ccd088c1", size = 284492, upload-time = "2025-02-28T01:23:40.901Z" },
    { url = "https://files.pythonhosted.org/packages/4d/4d/c43332dcaaddb7710a8ff5269fcccba97ed3c85987ddaa808db084267b9a/bcrypt-4.3.0-cp39-abi3-manylinux_2_34_aarch64.whl", hash = "sha256:3004df1b323d10021fda07a813fd33e0fd57bef0e9a480bb143877f6cba996fe", size = 279213, upload-time = "2025-02-28T01:23:42.653Z" },
    { url = "https://files.pythonhosted.org/packages/dc/7f/1e36379e169a7df3a14a1c160a49b7b918600a6008de43ff20d479e6f4b5/bcrypt-4.3.0-cp39-abi3-manylinux_2_34_x86_64.whl", hash = "sha256:531457e5c839d8caea9b589a1bcfe3756b0547d7814e9ce3d437f17da75c32b0", size = 284162, upload-time = "2025-02-28T01:23:43.964Z" },
    { url = "https://files.pythonhosted.org/packages/1c/0a/644b2731194b0d7646f3210dc4d80c7fee3ecb3a1f791a6e0ae6bb8684e3/bcrypt-4.3.0-cp39-abi3-musllinux_1_1_aarch64.whl", hash = "sha256:17a854d9a7a476a89dcef6c8bd119ad23e0f82557afbd2c442777a16408e614f", size = 312856, upload-time = "2025-02-28T01:23:46.011Z" },
    { url = "https://files.pythonhosted.org/packages/dc/62/2a871837c0bb6ab0c9a88bf54de0fc021a6a08832d4ea313ed92a669d437/bcrypt-4.3.0-cp39-abi3-musllinux_1_1_x86_64.whl", hash = "sha256:6fb1fd3ab08c0cbc6826a2e0447610c6f09e983a281b919ed721ad32236b8b23", size = 316726, upload-time = "2025-02-28T01:23:47.575Z" },
    { url = "https://files.pythonhosted.org/packages/0c/a1/9898ea3faac0b156d457fd73a3cb9c2855c6fd063e44b8522925cdd8ce46/bcrypt-4.3.0-cp39-abi3-musllinux_1_2_aarch64.whl", hash = "sha256:e965a9c1e9a393b8005031ff52583cedc15b7884fce7deb8b0346388837d6cfe", size = 343664, upload-time = "2025-02-28T01:23:49.059Z" },
    { url = "https://files.pythonhosted.org/packages/40/f2/71b4ed65ce38982ecdda0ff20c3ad1b15e71949c78b2c053df53629ce940/bcrypt-4.3.0-cp39-abi3-musllinux_1_2_x86_64.whl", hash = "sha256:79e70b8342a33b52b55d93b3a59223a844962bef479f6a0ea318ebbcadf71505", size = 363128, upload-time = "2025-02-28T01:23:50.399Z" },
    { url = "https://files.pythonhosted.org/packages/11/99/12f6a58eca6dea4be992d6c681b7ec9410a1d9f5cf368c61437e31daa879/bcrypt-4.3.0-cp39-abi3-win32.whl", hash = "sha256:b4d4e57f0a63fd0b358eb765063ff661328f69a04494427265950c71b992a39a", size = 160598, upload-time = "2025-02-28T01:23:51.775Z" },
    { url = "https://files.pythonhosted.org/packages/a9/cf/45fb5261ece3e6b9817d3d82b2f343a505fd58674a92577923bc500bd1aa/bcrypt-4.3.0-cp39-abi3-win_amd64.whl", hash = "sha256:e53e074b120f2877a35cc6c736b8eb161377caae8925c17688bd46ba56daaa5b", size = 152799, upload-time = "2025-02-28T01:23:53.139Z" },
    { url = "https://files.pythonhosted.org/packages/4c/b1/1289e21d710496b88340369137cc4c5f6ee036401190ea116a7b4ae6d32a/bcrypt-4.3.0-pp311-pypy311_pp73-manylinux_2_28_aarch64.whl", hash = "sha256:a839320bf27d474e52ef8cb16449bb2ce0ba03ca9f44daba6d93fa1d8828e48a", size = 275103, upload-time = "2025-02-28T01:24:00.764Z" },
    { url = "https://files.pythonhosted.org/packages/94/41/19be9fe17e4ffc5d10b7b67f10e459fc4eee6ffe9056a88de511920cfd8d/bcrypt-4.3.0-pp311-pypy311_pp73-manylinux_2_28_x86_64.whl", hash = "sha256:bdc6a24e754a555d7316fa4774e64c6c3997d27ed2d1964d55920c7c227bc4ce", size = 280513, upload-time = "2025-02-28T01:24:02.243Z" },
    { url = "https://files.pythonhosted.org/packages/aa/73/05687a9ef89edebdd8ad7474c16d8af685eb4591c3c38300bb6aad4f0076/bcrypt-4.3.0-pp311-pypy311_pp73-manylinux_2_34_aarch64.whl", hash = "sha256:55a935b8e9a1d2def0626c4269db3fcd26728cbff1e84f0341465c31c4ee56d8", size = 274685, upload-time = "2025-02-28T01:24:04.512Z" },
    { url = "https://files.pythonhosted.org/packages/63/13/47bba97924ebe86a62ef83dc75b7c8a881d53c535f83e2c54c4bd701e05c/bcrypt-4.3.0-pp311-pypy311_pp73-manylinux_2_34_x86_64.whl", hash = "sha256:57967b7a28d855313a963aaea51bf6df89f833db4320da458e5b3c5ab6d4c938", size = 280110, upload-time = "2025-02-28T01:24:05.896Z" },
]

[[package]]
name = "dnspython"
version = "2.8.0"
source = { registry = "https://pypi.org/simple" }
sdist = { url = "https://files.pythonhosted.org/packages/8c/8b/57666417c0f90f08bcafa776861060426765fdb422eb10212086fb811d26/dnspython-2.8.0.tar.gz", hash = "sha256:181d3c6996452cb1189c4046c61599b84a5a86e099562ffde77d26984ff26d0f", size = 368251, upload-time = "2025-09-07T18:58:00.022Z" }
wheels = [
    { url = "https://files.pythonhosted.org/packages/ba/5a/18ad964b0086c6e62e2e7500f7edc89e3faa45033c71c1893d34eed2b2de/dnspython-2.8.0-py3-none-any.whl", hash = "sha256:01d9bbc4a2d76bf0db7c1f729812ded6d912bd318d3b1cf81d30c0f845dbf3af", size = 331094, upload-time = "2025-09-07T18:57:58.071Z" },
]

[[package]]
name = "email-validator"
version = "2.3.0"
source = { registry = "https://pypi.org/simple" }
dependencies = [
    { name = "dnspython" },
    { name = "idna" },
]
sdist = { url = "https://files.pythonhosted.org/packages/f5/22/900cb125c76b7aaa450ce02fd727f452243f2e91a61af068b40adba60ea9/email_validator-2.3.0.tar.gz", hash = "sha256:9fc05c37f2f6cf439ff414f8fc46d917929974a82244c20eb10231ba60c54426", size = 51238, upload-time = "2025-08-26T13:09:06.831Z" }
wheels = [
    { url = "https://files.pythonhosted.org/packages/de/15/545e2b6cf2e3be84bc1ed85613edd75b8aea69807a71c26f4ca6a9258e82/email_validator-2.3.0-py3-none-any.whl", hash = "sha256:80f13f623413e6b197ae73bb10bf4eb0908faf509ad8362c5edeb0be7fd450b4", size = 35604, upload-time = "2025-08-26T13:09:05.858Z" },
]

[[package]]
name = "idna"
version = "3.19"
source = { registry = "https://pypi.org/simple" }
sdist = { url = "https://files.pythonhosted.org/packages/5f/f7/abb373e5757eaec4b922b92f97ec8d6d7e057cf06778247604fbc4e7c3f3/idna-3.19.tar.gz", hash = "sha256:5e0811a4383b21dc5838069f801c4fb62113b7447663d2530d2bd6e77b49bf15", size = 215237, upload-time = "2026-08-18T05:14:24.27Z" }
wheels = [
    { url = "https://files.pythonhosted.org/packages/57/b0/0e52c878c53f245edd3a11020f20979b3f490f245af532c7cae3027754b5/idna-3.19-py3-none-any.whl", hash = "sha256:815e7be7a7806d54abb586dc943addc79e8b2ee16915059658cbeff4b1b43bf4", size = 68550, upload-time = "2026-08-18T05:14:22.343Z" },
]

[[package]]
name = "passlib"
version = "1.7.4"
source = { registry = "https://pypi.org/simple" }
sdist = { url = "https://files.pythonhosted.org/packages/b6/06/9da9ee59a67fae7761aab3ccc84fa4f3f33f125b370f1ccdb915bf967c11/passlib-1.7.4.tar.gz", hash = "sha256:defd50f72b65c5402ab2c573830a6978e5f202ad0d984793c8dde2c4152ebe04", size = 689844, upload-time = "2020-10-08T19:00:52.121Z" }
wheels = [
    { url = "https://files.pythonhosted.org/packages/3b/a4/ab6b7589382ca3df236e03faa71deac88cae040af60c071a78d254a62172/passlib-1.7.4-py2.py3-none-any.whl", hash = "sha256:aa6bca462b8d8bda89c70b382f0c298a20b5560af6cbfa2dce410c0a2fb669f1", size = 525554, upload-time = "2020-10-08T19:00:49.856Z" },
]

[[package]]
name = "psycopg"
version = "3.3.5"
source = { registry = "https://pypi.org/simple" }
dependencies = [
    { name = "typing-extensions", marker = "python_full_version < '3.13'" },
    { name = "tzdata", marker = "sys_platform == 'win32'" },
]
sdist = { url = "https://files.pythonhosted.org/packages/72/73/8fb739d0f6bba247b9b93c9840c402a4f88545be5f1d4b02b23366371c00/psycopg-3.3.5.tar.gz", hash = "sha256:d0a3d9ccf5788af054cbd745278cb02401b5c312aeaafbf2c6144460aec47da4", size = 166508, upload-time = "2026-08-31T22:45:43.151Z" }
wheels = [
    { url = "https://files.pythonhosted.org/packages/3d/2e/d0a645bcaadde68bd6d93c43f02f14b0191bdda367ce3f7722abe3da744a/psycopg-3.3.5-py3-none-any.whl", hash = "sha256:ce5aa5cdb4f9379f00f487590e5890bfa7df9a164648c969ffa628505e21af4e", size = 213598, upload-time = "2026-08-31T22:39:02.184Z" },
]

[package.optional-dependencies]
binary = [
    { name = "psycopg-binary", marker = "implementation_name != 'pypy'" },
]

[[package]]
name = "psycopg-binary"
version = "3.3.5"
source = { registry = "https://pypi.org/simple" }
wheels = [
    { url = "https://files.pythonhosted.org/packages/ed/67/ac6b3dfd2d495f8599f7179f8082af4b3be72caa44942ddb45e9613338eb/psycopg_binary-3.3.5-cp311-cp311-macosx_10_9_x86_64.whl", hash = "sha256:c6bd84e4cf67930f26f015dec33f615472b9c5871d46408efe112dbc1bc021de", size = 4720383, upload-time = "2026-08-31T22:40:22.262Z" },
    { url = "https://files.pythonhosted.org/packages/2a/7f/c3870c7e5ba6b4444e3e5401c79d5e83afe2c7045844eabb25d5b39adecb/psycopg_binary-3.3.5-cp311-cp311-macosx_11_0_arm64.whl", hash = "sha256:fdbeb38c9b7ca8fa57a7bda3802bedb62f4494ad3dd46c7dd36dc3f77fd5093f", size = 4768854, upload-time = "2026-08-31T22:40:26.639Z" },
    { url = "https://files.pythonhosted.org/packages/0e/a2/04834fb8a2af14d42e48abeb61ace0a4fee2d6f516723d897cff16fce677/psycopg_binary-3.3.5-cp311-cp311-manylinux2014_ppc64le.manylinux_2_17_ppc64le.whl", hash = "sha256:06de14ac978a2d53e864069fb5487075c6e3cfb0740f1bfd7017bc8b9942067f", size = 5588618, upload-time = "2026-08-31T22:40:36.524Z" },
    { url = "https://files.pythonhosted.org/packages/de/0d/2eed6e7f8c5ada9e08cbdca4b78083df12f5c2a8d13fa0c62cd6b2b1d762/psycopg_binary-3.3.5-cp311-cp311-manylinux2014_x86_64.manylinux_2_17_x86_64.whl", hash = "sha256:d8b66353b20e79bf7ac0a80f03ae97f522ccbbf909d687eec62f112e56c0276d", size = 5259471, upload-time = "2026-08-31T22:40:46.43Z" },
    { url = "https://files.pythonhosted.org/packages/96/66/2347889e693502e8473a60b3defac0300829007275a21980a2197c200418/psycopg_binary-3.3.5-cp311-cp311-manylinux_2_27_aarch64.manylinux_2_28_aarch64.whl", hash = "sha256:af5084124fb2fd16557073822519dfe8c389636a16adef661a4c0c3918733171", size = 6851181, upload-time = "2026-08-31T22:40:52.939Z" },
    { url = "https://files.pythonhosted.org/packages/b6/11/039d7bbdc8ac28292a2fb9f54a7385116c7d31a3bf9c87e71eda154b32b9/psycopg_binary-3.3.5-cp311-cp311-manylinux_2_38_riscv64.manylinux_2_39_riscv64.whl", hash = "sha256:1344fd57a19737554670e67aecabd4fb37cd7937f2925840009645d641117e5a", size = 5098916, upload-time = "2026-08-31T22:40:57.505Z" },
    { url = "https://files.pythonhosted.org/packages/d4/01/5f77284d0c682106279da7d9e26527ae99f3241a91f0549b033c84441404/psycopg_binary-3.3.5-cp311-cp311-musllinux_1_2_aarch64.whl", hash = "sha256:2719fe19a4da752c4110cc767716d0a5bdb760d1153d89018bb7c9c61717bde5", size = 4617043, upload-time = "2026-08-31T22:41:04.555Z" },
    { url = "https://files.pythonhosted.org/packages/8b/4a/c07000298ffa3eaf25a720a5fd4bc9326676e99712722ca1accb40071e66/psycopg_binary-3.3.5-cp311-cp311-musllinux_1_2_ppc64le.whl", hash = "sha256:893ce86a4b997f6ca1261a7826db2506727332a6ff66646fa7f024b39b5e630e", size = 4310458, upload-time = "2026-08-31T22:41:11.72Z" },
    { url = "https://files.pythonhosted.org/packages/c7/0a/cc7da5bb2bed198354f8dcc7c5dab3f1473edf2b6a177c1e8ec3fa9841ea/psycopg_binary-3.3.5-cp311-cp311-musllinux_1_2_riscv64.whl", hash = "sha256:a5e45e4bb68656253ce5c7a344c0a425c293581eba954d7fd7c2e4b2dc9f3038", size = 4039320, upload-time = "2026-08-31T22:41:20.783Z" },
    { url = "https://files.pythonhosted.org/packages/17/60/f65755f1ab74223b437f1d366f63915b6f5e1292234de47643f898c29faf/psycopg_binary-3.3.5-cp311-cp311-musllinux_1_2_x86_64.whl", hash = "sha256:ca8af7c0454cdce235d4aedcb5528857468f1490202d25e24fc7af40e176d563", size = 4342427, upload-time = "2026-08-31T22:41:27.068Z" },
    { url = "https://files.pythonhosted.org/packages/0e/3c/6b1ea5b5544fa51ee6da8e99e96ca6a639ed1e0da2e335467893f14d3182/psycopg_binary-3.3.5-cp311-cp311-win_amd64.whl", hash = "sha256:7b443f943abfe35aa5a776630cea27c9348aa66659286cee0b99084332252080", size = 3665235, upload-time = "2026-08-31T22:41:30.9Z" },
    { url = "https://files.pythonhosted.org/packages/5e/83/ba396428a4fb6b70f0dd41315ad86a2c14441b7214afd47b2d49cb450b78/psycopg_binary-3.3.5-cp312-cp312-macosx_10_13_x86_64.whl", hash = "sha256:25105f9b46bdf2a30fcb67f56976ed66f6855941ae16bc024192609b917d493c", size = 4700169, upload-time = "2026-08-31T22:41:39.712Z" },
    { url = "https://files.pythonhosted.org/packages/4f/56/b23c5978e55cf4effdc5a3e13a17d69a580a487993e01b7c3768dd24281c/psycopg_binary-3.3.5-cp312-cp312-macosx_11_0_arm64.whl", hash = "sha256:0249c3e960cdee686000eb77169fb6590105c05bacc37e057ccdffdcd8e6ebde", size = 4763037, upload-time = "2026-08-31T22:41:47.571Z" },
    { url = "https://files.pythonhosted.org/packages/fd/d8/b41108bfe194b4098076c8b873b05ec2ca9582445eccfd9075970d7b948e/psycopg_binary-3.3.5-cp312-cp312-manylinux2014_ppc64le.manylinux_2_17_ppc64le.whl", hash = "sha256:5698ab5941a4d138c30fef858588e651fe7d583280cd6e41832825ad9e747750", size = 5546232, upload-time = "2026-08-31T22:41:55.817Z" },
    { url = "https://files.pythonhosted.org/packages/21/d1/0f244dfef389e52e9dc3056f2a9033d1f6901e97d24d9a9c8b836e32ab6b/psycopg_binary-3.3.5-cp312-cp312-manylinux2014_x86_64.manylinux_2_17_x86_64.whl", hash = "sha256:682a17a57415c3ca1731eec018ed031f012ffcb81ba74806eb219cb396065672", size = 5227752, upload-time = "2026-08-31T22:42:03.776Z" },
    { url = "https://files.pythonhosted.org/packages/31/88/a4781365f09807fb91435e2d00096f3f6ae5d06bce15ef3c3c385dc22772/psycopg_binary-3.3.5-cp312-cp312-manylinux_2_27_aarch64.manylinux_2_28_aarch64.whl", hash = "sha256:d2a61e8147902771df7efe14062a3c8736347850d0d8befcf048235752504f2e", size = 6824658, upload-time = "2026-08-31T22:42:13.263Z" },
    { url = "https://files.pythonhosted.org/packages/65/f1/072c4a46287644694731b3e40fab120ebacf6d153cce7ebf7a5b208f5561/psycopg_binary-3.3.5-cp312-cp312-manylinux_2_38_riscv64.manylinux_2_39_riscv64.whl", hash = "sha256:f7e1e45aad410e20de45df2b159df68ff6c8dbf47a3501f806c4489b27f4ad2b", size = 5061439, upload-time = "2026-08-31T22:42:18.591Z" },
    { url = "https://files.pythonhosted.org/packages/e2/d6/1776a95c16941b8bbce89407cc7cf9ea3fd557efb503a40873c9e2b6394f/psycopg_binary-3.3.5-cp312-cp312-musllinux_1_2_aarch64.whl", hash = "sha256:c09775c549b40b274206e1b043c5e5b5af39666e85c98382a30bd05d23ab677b", size = 4588586, upload-time = "2026-08-31T22:42:25.23Z" },
    { url = "https://files.pythonhosted.org/packages/82/64/44ec87b9a74faebe966856307b65c0d35ee6321ce509cdd0e8d6a3f5338b/psycopg_binary-3.3.5-cp312-cp312-musllinux_1_2_ppc64le.whl", hash = "sha256:cf0e5e63ee86098299c673992053d556c489ba9ae6aca6cb6e24d16a8e0b09e6", size = 4265161, upload-time = "2026-08-31T22:42:31.864Z" },
    { url = "https://files.pythonhosted.org/packages/24/88/cf181df5651395a80afc520f5fefac72beb035c0c9d58ab7fcc880c9b221/psycopg_binary-3.3.5-cp312-cp312-musllinux_1_2_riscv64.whl", hash = "sha256:c065531e8c1815276f50dbfa283e3a7f022671414cdda6fa9a16794dd53b28f9", size = 3998727, upload-time = "2026-08-31T22:42:38.436Z" },
    { url = "https://files.pythonhosted.org/packages/43/1e/c72a1107647db4bb3f534c7fe1b57b1957d9c099e795f5aa81f4a2e0c312/psycopg_binary-3.3.5-cp312-cp312-musllinux_1_2_x86_64.whl", hash = "sha256:df9853b832b7b916e02ef68e0d5403a7dab2d5c1ddfe94f22b1b155eb862622f", size = 4310119, upload-time = "2026-08-31T22:42:46.403Z" },
    { url = "https://files.pythonhosted.org/packages/03/8d/452620608cafff164737e20b42ebffee8151b865ee171ba0d6692a560a44/psycopg_binary-3.3.5-cp312-cp312-win_amd64.whl", hash = "sha256:35885e333020fc152d27bea1a494bef13b2e68f6fd92b6229015e93539152008", size = 3648197, upload-time = "2026-08-31T22:42:51.575Z" },
    { url = "https://files.pythonhosted.org/packages/e0/1c/e718752cc63cf4e99e4a10fd36e3a3364dabdd0819484a24c0d79fbb9685/psycopg_binary-3.3.5-cp313-cp313-macosx_10_13_x86_64.whl", hash = "sha256:6e85d50b87257fb117675a19ee59daa7bf9a57f6431500adf7059df799232ef4", size = 4704421, upload-time = "2026-08-31T22:42:59.564Z" },
    { url = "https://files.pythonhosted.org/packages/af/cf/a0e748e27c09b92738e4460582d121ba1908be3e36791e150f435e54b332/psycopg_binary-3.3.5-cp313-cp313-macosx_11_0_arm64.whl", hash = "sha256:e5becd311f9af8d180bad372f51fb2252fd02cb2073056e2b170c9274f95fe7f", size = 4765054, upload-time = "2026-08-31T22:43:05.421Z" },
    { url = "https://files.pythonhosted.org/packages/39/62/0cbac0266d56c94dd1f702d9af2b5d54bf80b6e658048f4f2c5bd63dd7e3/psycopg_binary-3.3.5-cp313-cp313-manylinux2014_ppc64le.manylinux_2_17_ppc64le.whl", hash = "sha256:19e5bf9872dbd164c220567fd385ba2309c7d9df1541f78343510c6b0f36a1b7", size = 5547137, upload-time = "2026-08-31T22:43:11.768Z" },
    { url = "https://files.pythonhosted.org/packages/fb/3a/73c6f8871f38fc07a9c0b4cbc9467beb116a2783cecf87dfa53900a396dc/psycopg_binary-3.3.5-cp313-cp313-manylinux2014_x86_64.manylinux_2_17_x86_64.whl", hash = "sha256:cb3b3bffebfe07110730626e76238161124f35ac87b748d663316a28d22f58b0", size = 5227577, upload-time = "2026-08-31T22:43:20.767Z" },
    { url = "https://files.pythonhosted.org/packages/59/7b/9f17b9f4d297b774dc574199c4dcd02dadc32a00c4056265918de5c70635/psycopg_binary-3.3.5-cp313-cp313-manylinux_2_27_aarch64.manylinux_2_28_aarch64.whl", hash = "sha256:2111f880add40fb03c60556069ad68e884a0908a74d2debafc603caf93b73552", size = 6824606, upload-time = "2026-08-31T22:43:33.698Z" },
    { url = "https://files.pythonhosted.org/packages/94/86/d84dadd94a004dbbb43ce0579f1f766fdc6b8cbef745090e24bea77b5283/psycopg_binary-3.3.5-cp313-cp313-manylinux_2_38_riscv64.manylinux_2_39_riscv64.whl", hash = "sha256:40505676b1526b9ea387dace034040a8c8b0bcf984cd6bd4720a2ab15e813586", size = 5060854, upload-time = "2026-08-31T22:43:42.258Z" },
    { url = "https://files.pythonhosted.org/packages/30/d0/e5078be2c7d2490c0d6cd4cb7b3601aec44be2fa8b3fe927e9419b06004f/psycopg_binary-3.3.5-cp313-cp313-musllinux_1_2_aarch64.whl", hash = "sha256:5816472e3bb05615f33a741e0835043d1f4bf9709ff30d2f4aed71815cfc6b5e", size = 4589511, upload-time = "2026-08-31T22:43:50.012Z" },
    { url = "https://files.pythonhosted.org/packages/f1/01/08dfb5b18fa482e025864fd91a022310d0782c42e4cf5dda5d0e010b6790/psycopg_binary-3.3.5-cp313-cp313-musllinux_1_2_ppc64le.whl", hash = "sha256:358748fc4c8ccdc0e2bdf55420494930e19c3ade586ea9c3a6de3dad1f897311", size = 4268144, upload-time = "2026-08-31T22:43:56.993Z" },
    { url = "https://files.pythonhosted.org/packages/88/b9/cb01dc1d63f3241b49b2ca7fb9f98d0f5c76127f0dbb9440635a6ad0233e/psycopg_binary-3.3.5-cp313-cp313-musllinux_1_2_riscv64.whl", hash = "sha256:1ef2e498be47800f6202b9a2304c22646325ca6d54001b7c785bcfdb24a1e8ab", size = 4001036, upload-time = "2026-08-31T22:44:04.429Z" },
    { url = "https://files.pythonhosted.org/packages/95/49/7c17dd832c05b380562ff2ff5f6ab2bcaeca8b7fff2c2b355854368a5bdb/psycopg_binary-3.3.5-cp313-cp313-musllinux_1_2_x86_64.whl", hash = "sha256:88e01aa2e938a45655a8a5213fc3a44ba78cb4cab8a569b3e0bcb3d1d0eaba16", size = 4313112, upload-time = "2026-08-31T22:44:12.446Z" },
    { url = "https://files.pythonhosted.org/packages/7c/2c/b0b2f887185d6a2ec0b3bef948cc07656d2d1a5d96fa7f2bb03f6ef06ca4/psycopg_binary-3.3.5-cp313-cp313-win_amd64.whl", hash = "sha256:ba466011569297114449df9d523438e1adeedf3e4f31ffb78e897ec3fef3076b", size = 3647313, upload-time = "2026-08-31T22:44:19.139Z" },
    { url = "https://files.pythonhosted.org/packages/46/7f/4e2395da194558533bd9c31f35e4dc58ecbbae6a7176b0d2f72d629e8a51/psycopg_binary-3.3.5-cp314-cp314-macosx_10_15_x86_64.whl", hash = "sha256:40f8b132c7243ef5f503f0b6f986bf16d38a51b0df1c6ba2577743f128be03e3", size = 4712612, upload-time = "2026-08-31T22:44:25.723Z" },
    { url = "https://files.pythonhosted.org/packages/ae/94/fdb2093c8ccd7048449156db526ad746740cf34fe9c01e5dc1b7a7a8b257/psycopg_binary-3.3.5-cp314-cp314-macosx_11_0_arm64.whl", hash = "sha256:c0cac998b9b1e82dec853d2e53b3d34d56a525cf231f9441a636cfd5992929a9", size = 4775139, upload-time = "2026-08-31T22:44:36.719Z" },
    { url = "https://files.pythonhosted.org/packages/31/52/5195e87960715f7be2005761b72d56fce4e7757d5333fd40384f071c2de1/psycopg_binary-3.3.5-cp314-cp314-manylinux2014_ppc64le.manylinux_2_17_ppc64le.whl", hash = "sha256:479b96fd78149cfa10369dc53fbfb89ee729be13146b584a23dbc7e164c0cf1e", size = 5556807, upload-time = "2026-08-31T22:44:42.668Z" },
    { url = "https://files.pythonhosted.org/packages/f7/42/2d616210a91e1327516ed5ae71961aaa31bb740e4a61d7190f2221685a40/psycopg_binary-3.3.5-cp314-cp314-manylinux2014_x86_64.manylinux_2_17_x86_64.whl", hash = "sha256:f45d77e398542ce0937d9fa3cd9d84e9c5fc6b34c50a66404ae840bada312750", size = 5236206, upload-time = "2026-08-31T22:44:47.943Z" },
    { url = "https://files.pythonhosted.org/packages/08/2e/e54b0d4cc263b3526e3728bb50a69660d5e79e52255ccd2a1a71e40e6f9a/psycopg_binary-3.3.5-cp314-cp314-manylinux_2_27_aarch64.manylinux_2_28_aarch64.whl", hash = "sha256:98a388509306e5e08a4203253ac52846bc1b034e5cbd0ae6da1211593cc28594", size = 6838066, upload-time = "2026-08-31T22:44:55.701Z" },
    { url = "https://files.pythonhosted.org/packages/77/80/ec22a110f81a44c411965982097efeee86006bdd5a1f51f628318106c84c/psycopg_binary-3.3.5-cp314-cp314-manylinux_2_38_riscv64.manylinux_2_39_riscv64.whl", hash = "sha256:ab39e2794b95af61a2ff69e33e5ab6ac5df36e9ffea9a3b18e38b2aaca8c5ad5", size = 5072036, upload-time = "2026-08-31T22:45:02.838Z" },
    { url = "https://files.pythonhosted.org/packages/93/55/7bc3c3ac769ab4fe0c619f2179b4aab3ae043f4d478283dd8279d24c0be4/psycopg_binary-3.3.5-cp314-cp314-musllinux_1_2_aarch64.whl", hash = "sha256:9c071bf78e5c2e6efa40bc9089a954d7b41221347a72f35c6bf2d8c96e632f75", size = 4604058, upload-time = "2026-08-31T22:45:10.444Z" },
    { url = "https://files.pythonhosted.org/packages/a3/69/8e7414f7dc10b2959e664330cdcf393e412f67355975dafa876cef265264/psycopg_binary-3.3.5-cp314-cp314-musllinux_1_2_ppc64le.whl", hash = "sha256:14fdfd65a96ecbd8b586d14546105641f4a6ac7cbe335c786830ea4de94bbe60", size = 4284766, upload-time = "2026-08-31T22:45:17.881Z" },
    { url = "https://files.pythonhosted.org/packages/c1/72/33f293c1d3ee9114f47e9ef4880f31c9de864e84a9b09454c26e106c25ed/psycopg_binary-3.3.5-cp314-cp314-musllinux_1_2_riscv64.whl", hash = "sha256:8dbd694f3741dd4ac5bc60b70e17f7841aefb3f0f38cef4d2756de270e03af43", size = 4011958, upload-time = "2026-08-31T22:45:24.792Z" },
    { url = "https://files.pythonhosted.org/packages/b7/c9/8e38840e5a7d006987bbc9acb29951912253fa50549a4db92b3aa535f089/psycopg_binary-3.3.5-cp314-cp314-musllinux_1_2_x86_64.whl", hash = "sha256:14f432430fd9e1a9e7d9ab2fe14956c77f5d074ebdc556a1ad04e9a1bd3fca04", size = 4323273, upload-time = "2026-08-31T22:45:32.973Z" },
    { url = "https://files.pythonhosted.org/packages/fc/c7/b7ebf601c307f93e7c4c4ebac0edc9db3b2729ca038efe700a18f86b5517/psycopg_binary-3.3.5-cp314-cp314-win_amd64.whl", hash = "sha256:df209e64674a34b41662c67fdc8b4e0ffd77d2136393790691d086a09f9a6cab", size = 3745885, upload-time = "2026-08-31T22:45:40.537Z" },
]

[[package]]
name = "pyjwt"
version = "2.13.0"
source = { registry = "https://pypi.org/simple" }
sdist = { url = "https://files.pythonhosted.org/packages/3b/81/58d0ac84e1ef3a3843791d6954d94c0b33d526c75eeb1efbce9d0a4c4077/pyjwt-2.13.0.tar.gz", hash = "sha256:41571c89ca91598c79e8ef18a2d07367d4810fbbd6f637794879baf1b7703423", size = 107515, upload-time = "2026-05-21T19:54:36.618Z" }
wheels = [
    { url = "https://files.pythonhosted.org/packages/a3/5e/ecf12fdb62546d64385c158514e9b2b671f7832108ef2ecd2020ce0af2d1/pyjwt-2.13.0-py3-none-any.whl", hash = "sha256:66adcc2aff09b3f1bbd95fc1e1577df8ac8723c978552fd43304c8a290ac5728", size = 31274, upload-time = "2026-05-21T19:54:35.362Z" },
]

[[package]]
name = "pypdf"
version = "6.17.0"
source = { registry = "https://pypi.org/simple" }
sdist = { url = "https://files.pythonhosted.org/packages/5d/dc/34857a5e31cf708c163929f61a9ba4bd357a8850e49fc4e846ced527b51f/pypdf-6.17.0.tar.gz", hash = "sha256:097ad0d829778ec5b615aeaa5c6da4b6cac4992f8fd80b56f98a1a8c006573bb", size = 7018352, upload-time = "2026-09-04T11:30:44.256Z" }
wheels = [
    { url = "https://files.pythonhosted.org/packages/c1/08/1e9731038124a9127e1d27848952b86fb32b2f45f8f1b94adc7f0817a6ac/pypdf-6.17.0-py3-none-any.whl", hash = "sha256:5bd827266a21553b74d910e350131a6227b72f2ab4209bf372814b8195fa11c5", size = 388051, upload-time = "2026-09-04T11:30:42.681Z" },
]

[[package]]
name = "python-multipart"
version = "0.0.32"
source = { registry = "https://pypi.org/simple" }
sdist = { url = "https://files.pythonhosted.org/packages/5b/42/55c32bb9b12693c092ad250a0e82edb5b31ddeda6eb772de5f308b3804ad/python_multipart-0.0.32.tar.gz", hash = "sha256:be54b7f3fa167bb83e4fcd936b887b708f4e57fe75911c02aebf53efaf8d938e", size = 46881, upload-time = "2026-06-04T16:18:58.647Z" }
wheels = [
    { url = "https://files.pythonhosted.org/packages/e1/04/e8135ebd1ad02c56ec633277529b2602ff99ff634be76cdba5744cf554fd/python_multipart-0.0.32-py3-none-any.whl", hash = "sha256:ff6d3f776f16878c894e52e107296ffc890e913c611b1a4ec6c44e2821fe2e23", size = 30042, upload-time = "2026-06-04T16:18:57.319Z" },
]

[[package]]
name = "typing-extensions"
version = "4.16.0"
source = { registry = "https://pypi.org/simple" }
sdist = { url = "https://files.pythonhosted.org/packages/f6/cc/6253133b5bb138fc3306cebfbda2c520f545d36b5be2c7255cc528bb45d6/typing_extensions-4.16.0.tar.gz", hash = "sha256:dc983d19a509c94dba722ee6abd33940f7c05a89e243c47e907eb4db6f1a43e5", size = 113555, upload-time = "2026-07-02T08:40:05.92Z" }
wheels = [
    { url = "https://files.pythonhosted.org/packages/49/d3/b8441a820a491ddfc024b0b0cf0393375b75ea13866d9c66727e54c2fc80/typing_extensions-4.16.0-py3-none-any.whl", hash = "sha256:481caa481374e813c1b176ada14e97f1f67a4539ce9cfeb3f350d78d6370c2e8", size = 45571, upload-time = "2026-07-02T08:40:04.659Z" },
]

[[package]]
name = "tzdata"
version = "2026.3"
source = { registry = "https://pypi.org/simple" }
sdist = { url = "https://files.pythonhosted.org/packages/92/ff/5a28bdfd8c3ebec42564ac7d0e54ca3db65044a9314a97f9564fa7a1e926/tzdata-2026.3.tar.gz", hash = "sha256:4a1518b8993086a7982523e071643f3c0e5f213e75b21318e78bcabfff9d1415", size = 198674, upload-time = "2026-07-10T08:50:37.887Z" }
wheels = [
    { url = "https://files.pythonhosted.org/packages/e5/6d/b53b99a9f2766d095985947a5782f1702cabb129a34f7a802d7197af832f/tzdata-2026.3-py2.py3-none-any.whl", hash = "sha256:dc096730c87af6cab1b171c9d532be840741ff5d459015e7f6947bd7d7e54931", size = 348168, upload-time = "2026-07-10T08:50:36.46Z" },
]
